{
  "name": "generate-clickhouse-testcases",
  "version": "1.0.0",
  "lockfileVersion": 1,
  "requires": true,
  "dependencies": {
    "@gravity-ui/websql-autocomplete": {
      "version": "11.0.0",
      "resolved": "https://npm.yandex-team.ru/@gravity-ui%2fwebsql-autocomplete/-/websql-autocomplete-11.0.0.tgz?rbtorrent=",
      "integrity": "sha512-tMPRwo2+HO0xGAMuduVOXm9FPvQfE6wH0aG5AG1avGOcH6uCcL4bS+cKCAZuX3Y5ZbSi2TIHfCyx/REMTjA/Rg==",
      "requires": {
        "antlr4-c3": "^3.4.1",
        "antlr4ng": "^3.0.4"
      }
    },
    "@isaacs/cliui": {
      "version": "8.0.2",
      "resolved": "https://npm.yandex-team.ru/@isaacs%2fcliui/-/cliui-8.0.2.tgz?rbtorrent=2cca369f004c6d5cd17180ab17dc0a7d6471901b",
      "integrity": "sha512-O8jcjabXaleOG9DQ0+ARXWZBTfnP4WNAqzuiJK7ll44AmxGKv/J2M4TPjxjY3znBCfvBXFzucm1twdyFybFqEA==",
      "requires": {
        "string-width": "^5.1.2",
        "string-width-cjs": "npm:string-width@^4.2.0",
        "strip-ansi": "^7.0.1",
        "strip-ansi-cjs": "npm:strip-ansi@^6.0.1",
        "wrap-ansi": "^8.1.0",
        "wrap-ansi-cjs": "npm:wrap-ansi@^7.0.0"
      }
    },
    "@pkgjs/parseargs": {
      "version": "0.11.0",
      "resolved": "https://npm.yandex-team.ru/@pkgjs%2fparseargs/-/parseargs-0.11.0.tgz?rbtorrent=03f029bc7eace2eb2da5999055257521f38ca896",
      "integrity": "sha512-+1VkjdD0QBLPodGrJUeqarH8VAIvQODIbwh9XpP5Syisf7YoQgsJKPNFoqqLQlu+VQ/tVSshMR6loPMn8U+dPg==",
      "optional": true
    },
    "@types/node": {
      "version": "22.5.2",
      "resolved": "https://npm.yandex-team.ru/@types%2fnode/-/node-22.5.2.tgz?rbtorrent=",
      "integrity": "sha512-acJsPTEqYqulZS/Yp/S3GgeE6GZ0qYODUR8aVr/DkhHQ8l9nd4j5x1/ZJy9/gHrRlFMqkO6i0I3E27Alu4jjPg==",
      "requires": {
        "undici-types": "~6.19.2"
      }
    },
    "ansi-regex": {
      "version": "6.0.1",
      "resolved": "https://npm.yandex-team.ru/ansi-regex/-/ansi-regex-6.0.1.tgz?rbtorrent=6863dcaba87d61cebc8acd0617807ed9021ea233",
      "integrity": "sha512-n5M855fKb2SsfMIiFFoVrABHJC8QtHwVx+mHWP3QcEqBHYienj5dHSgjbxtC0WEZXYt4wcD6zrQElDPhFuZgfA=="
    },
    "ansi-styles": {
      "version": "6.2.1",
      "resolved": "https://npm.yandex-team.ru/ansi-styles/-/ansi-styles-6.2.1.tgz?rbtorrent=3eef03a720b0daac7b00c82270a84ee27a5fb496",
      "integrity": "sha512-bN798gFfQX+viw3R7yrGWRqnrN2oRkEkUjjl4JNn4E8GxxbjtG3FbrEIIY3l8/hrwUwIeCZvi4QuOTP4MErVug=="
    },
    "antlr4-c3": {
      "version": "3.4.1",
      "resolved": "https://npm.yandex-team.ru/antlr4-c3/-/antlr4-c3-3.4.1.tgz?rbtorrent=",
      "integrity": "sha512-YLO/ncwUp8w2GNK/lnsYXtMkd8izHCWjxtk7EaTGIZq07THfvI5aHDuhls/RctX3EYDlM9zeTKdqn54eLYNglQ==",
      "requires": {
        "antlr4ng": "^3.0.1"
      }
    },
    "antlr4ng": {
      "version": "3.0.4",
      "resolved": "https://npm.yandex-team.ru/antlr4ng/-/antlr4ng-3.0.4.tgz?rbtorrent=",
      "integrity": "sha512-u1Ww6wVv9hq70E9AaYe5qW3ba8hvnjJdO3ZsKnb3iJWFV/medLEEhbyWwXCvvD2ef0ptdaiIUgmaazS/WE6uyQ=="
    },
    "balanced-match": {
      "version": "1.0.2",
      "resolved": "https://npm.yandex-team.ru/balanced-match/-/balanced-match-1.0.2.tgz?rbtorrent=b5770b454c205809e4f85bb2e3b838b3c634d90b",
      "integrity": "sha512-3oSeUO0TMV67hN1AmbXsK4yaqU7tjiHlbxRDZOpH0KW9+CeX4bRAaX0Anxt0tx2MrpRpWwQaPwIlISEJhYU5Pw=="
    },
    "brace-expansion": {
      "version": "2.0.1",
      "resolved": "https://npm.yandex-team.ru/brace-expansion/-/brace-expansion-2.0.1.tgz?rbtorrent=320d365acd352e486b7140205554b6b4afcbc99b",
      "integrity": "sha512-XnAIvQ8eM+kC6aULx6wuQiwVsnzsi9d3WxzV3FpWTGA19F621kwdbsAcFKXgKUHZWsy+mY6iL1sHTxWEFCytDA==",
      "requires": {
        "balanced-match": "^1.0.0"
      }
    },
    "color-convert": {
      "version": "2.0.1",
      "resolved": "https://npm.yandex-team.ru/color-convert/-/color-convert-2.0.1.tgz?rbtorrent=769fb795063f259bce31a9f20fc15b0d42646b2e",
      "integrity": "sha512-RRECPsj7iu/xb5oKYcsFHSppFNnsj/52OVTRKb4zP5onXwVF3zVmmToNcOfGC+CRDpfK/U584fMg38ZHCaElKQ==",
      "requires": {
        "color-name": "~1.1.4"
      }
    },
    "color-name": {
      "version": "1.1.4",
      "resolved": "https://npm.yandex-team.ru/color-name/-/color-name-1.1.4.tgz?rbtorrent=bfe35c629295f687cdeea3875ee112eb55eb6b93",
      "integrity": "sha512-dOy+3AuW3a2wNbZHIuMZpTcgjGuLU/uBL/ubcZF9OXbDo8ff4O8yVp5Bf0efS8uEoYo5q4Fx7dY9OgQGXgAsQA=="
    },
    "cross-spawn": {
      "version": "7.0.3",
      "resolved": "https://npm.yandex-team.ru/cross-spawn/-/cross-spawn-7.0.3.tgz?rbtorrent=f3d31091b7e1a89250c3ba5d5dd2139079951b64",
      "integrity": "sha512-iRDPJKUPVEND7dHPO8rkbOnPpyDygcDFtWjpeWNCgy8WP2rXcxXL8TskReQl6OrB2G7+UJrags1q15Fudc7G6w==",
      "requires": {
        "path-key": "^3.1.0",
        "shebang-command": "^2.0.0",
        "which": "^2.0.1"
      }
    },
    "eastasianwidth": {
      "version": "0.2.0",
      "resolved": "https://npm.yandex-team.ru/eastasianwidth/-/eastasianwidth-0.2.0.tgz?rbtorrent=48a1942e24c9694bc3fe74193b62c270de25b792",
      "integrity": "sha512-I88TYZWc9XiYHRQ4/3c5rjjfgkjhLyW2luGIheGERbNQ6OY7yTybanSpDXZa8y7VUP9YmDcYa+eyq4ca7iLqWA=="
    },
    "emoji-regex": {
      "version": "9.2.2",
      "resolved": "https://npm.yandex-team.ru/emoji-regex/-/emoji-regex-9.2.2.tgz?rbtorrent=b0f455337b66ea63401408ca14fd65d75aaa4983",
      "integrity": "sha512-L18DaJsXSUk2+42pv8mLs5jJT2hqFkFE4j21wOmgbUqsZ2hL72NsUU785g9RXgo3s0ZNgVl42TiHp3ZtOv/Vyg=="
    },
    "foreground-child": {
      "version": "3.3.0",
      "resolved": "https://npm.yandex-team.ru/foreground-child/-/foreground-child-3.3.0.tgz?rbtorrent=",
      "integrity": "sha512-Ld2g8rrAyMYFXBhEqMz8ZAHBi4J4uS1i/CxGMDnjyFWddMXLVcDp051DZfu+t7+ab7Wv6SMqpWmyFIj5UbfFvg==",
      "requires": {
        "cross-spawn": "^7.0.0",
        "signal-exit": "^4.0.1"
      }
    },
    "glob": {
      "version": "11.0.0",
      "resolved": "https://npm.yandex-team.ru/glob/-/glob-11.0.0.tgz?rbtorrent=",
      "integrity": "sha512-9UiX/Bl6J2yaBbxKoEBRm4Cipxgok8kQYcOPEhScPwebu2I0HoQOuYdIO6S3hLuWoZgpDpwQZMzTFxgpkyT76g==",
      "requires": {
        "foreground-child": "^3.1.0",
        "jackspeak": "^4.0.1",
        "minimatch": "^10.0.0",
        "minipass": "^7.1.2",
        "package-json-from-dist": "^1.0.0",
        "path-scurry": "^2.0.0"
      }
    },
    "is-fullwidth-code-point": {
      "version": "3.0.0",
      "resolved": "https://npm.yandex-team.ru/is-fullwidth-code-point/-/is-fullwidth-code-point-3.0.0.tgz?rbtorrent=9f8a9fc1a318c9b9a907ba74176b8d156ee129cf",
      "integrity": "sha512-zymm5+u+sCsSWyD9qNaejV3DFvhCKclKdizYaJUuHA83RLjb7nSuGnddCHGv0hk+KY7BMAlsWeK4Ueg6EV6XQg=="
    },
    "isexe": {
      "version": "2.0.0",
      "resolved": "https://npm.yandex-team.ru/isexe/-/isexe-2.0.0.tgz?rbtorrent=d70c0ec7af2e1a44ce210026d7e8baafefc4f666",
      "integrity": "sha1-6PvzdNxVb/iUehDcsFctYz8s+hA="
    },
    "jackspeak": {
      "version": "4.0.1",
      "resolved": "https://npm.yandex-team.ru/jackspeak/-/jackspeak-4.0.1.tgz?rbtorrent=",
      "integrity": "sha512-cub8rahkh0Q/bw1+GxP7aeSe29hHHn2V4m29nnDlvCdlgU+3UGxkZp7Z53jLUdpX3jdTO0nJZUDl3xvbWc2Xog==",
      "requires": {
        "@isaacs/cliui": "^8.0.2",
        "@pkgjs/parseargs": "^0.11.0"
      }
    },
    "lru-cache": {
      "version": "11.0.0",
      "resolved": "https://npm.yandex-team.ru/lru-cache/-/lru-cache-11.0.0.tgz?rbtorrent=",
      "integrity": "sha512-Qv32eSV1RSCfhY3fpPE2GNZ8jgM9X7rdAfemLWqTUxwiyIC4jJ6Sy0fZ8H+oLWevO6i4/bizg7c8d8i6bxrzbA=="
    },
    "minimatch": {
      "version": "10.0.1",
      "resolved": "https://npm.yandex-team.ru/minimatch/-/minimatch-10.0.1.tgz?rbtorrent=",
      "integrity": "sha512-ethXTt3SGGR+95gudmqJ1eNhRO7eGEGIgYA9vnPatK4/etz2MEVDno5GMCibdMTuBMyElzIlgxMna3K94XDIDQ==",
      "requires": {
        "brace-expansion": "^2.0.1"
      }
    },
    "minipass": {
      "version": "7.1.2",
      "resolved": "https://npm.yandex-team.ru/minipass/-/minipass-7.1.2.tgz?rbtorrent=",
      "integrity": "sha512-qOOzS1cBTWYF4BH8fVePDBOO9iptMnGUEZwNc/cMWnTV2nVLZ7VoNWEPHkYczZA0pdoA7dl6e7FL659nX9S2aw=="
    },
    "package-json-from-dist": {
      "version": "1.0.0",
      "resolved": "https://npm.yandex-team.ru/package-json-from-dist/-/package-json-from-dist-1.0.0.tgz?rbtorrent=",
      "integrity": "sha512-dATvCeZN/8wQsGywez1mzHtTlP22H8OEfPrVMLNr4/eGa+ijtLn/6M5f0dY8UKNrC2O9UCU6SSoG3qRKnt7STw=="
    },
    "path-key": {
      "version": "3.1.1",
      "resolved": "https://npm.yandex-team.ru/path-key/-/path-key-3.1.1.tgz?rbtorrent=3a9330ed44db721bac3c0b1b9f5fa69a8884bfa5",
      "integrity": "sha512-ojmeN0qd+y0jszEtoY48r0Peq5dwMEkIlCOu6Q5f41lfkswXuKtYrhgoTpLnyIcHm24Uhqx+5Tqm2InSwLhE6Q=="
    },
    "path-scurry": {
      "version": "2.0.0",
      "resolved": "https://npm.yandex-team.ru/path-scurry/-/path-scurry-2.0.0.tgz?rbtorrent=",
      "integrity": "sha512-ypGJsmGtdXUOeM5u93TyeIEfEhM6s+ljAhrk5vAvSx8uyY/02OvrZnA0YNGUrPXfpJMgI1ODd3nwz8Npx4O4cg==",
      "requires": {
        "lru-cache": "^11.0.0",
        "minipass": "^7.1.2"
      }
    },
    "prettier": {
      "version": "3.3.3",
      "resolved": "https://npm.yandex-team.ru/prettier/-/prettier-3.3.3.tgz?rbtorrent=",
      "integrity": "sha512-i2tDNA0O5IrMO757lfrdQZCc2jPNDVntV0m/+4whiDfWaTKfMNgR7Qz0NAeGz/nRqF4m5/6CLzbP4/liHt12Ew=="
    },
    "shebang-command": {
      "version": "2.0.0",
      "resolved": "https://npm.yandex-team.ru/shebang-command/-/shebang-command-2.0.0.tgz?rbtorrent=7fd1c3f62049005cb9c78120f598cfb22b2fbac9",
      "integrity": "sha512-kHxr2zZpYtdmrN1qDjrrX/Z1rR1kG8Dx+gkpK1G4eXmvXswmcE1hTWBWYUzlraYw1/yZp6YuDY77YtvbN0dmDA==",
      "requires": {
        "shebang-regex": "^3.0.0"
      }
    },
    "shebang-regex": {
      "version": "3.0.0",
      "resolved": "https://npm.yandex-team.ru/shebang-regex/-/shebang-regex-3.0.0.tgz?rbtorrent=c66300c869b82aa1debe05fb862438b61e6fd671",
      "integrity": "sha512-7++dFhtcx3353uBaq8DDR4NuxBetBzC7ZQOhmTQInHEd6bSrXdiEyzCvG07Z44UYdLShWUyXt5M/yhz8ekcb1A=="
    },
    "signal-exit": {
      "version": "4.1.0",
      "resolved": "https://npm.yandex-team.ru/signal-exit/-/signal-exit-4.1.0.tgz?rbtorrent=87147f490e7277207efc3cf48a3eef5537521e86",
      "integrity": "sha512-bzyZ1e88w9O1iNJbKnOlvYTrWPDl46O1bG0D3XInv+9tkPrxrN8jUUTiFlDkkmKWgn1M6CfIA13SuGqOa9Korw=="
    },
    "string-width": {
      "version": "5.1.2",
      "resolved": "https://npm.yandex-team.ru/string-width/-/string-width-5.1.2.tgz?rbtorrent=52857c0825e5c414bc3be3d1b493a5a8e9fab9ad",
      "integrity": "sha512-HnLOCR3vjcY8beoNLtcjZ5/nxn2afmME6lhrDrebokqMap+XbeW8n9TXpPDOqdGK5qcI3oT0GKTW6wC7EMiVqA==",
      "requires": {
        "eastasianwidth": "^0.2.0",
        "emoji-regex": "^9.2.2",
        "strip-ansi": "^7.0.1"
      }
    },
    "string-width-cjs": {
      "version": "npm:string-width@4.2.3",
      "resolved": "https://npm.yandex-team.ru/string-width/-/string-width-4.2.3.tgz?rbtorrent=f8412787e89a7bf0fb94ec78f0b1f13d94822a61",
      "integrity": "sha512-wKyQRQpjJ0sIp62ErSZdGsjMJWsap5oRNihHhu6G7JVO/9jIB6UyevL+tXuOqrng8j/cxKTWyWUwvSTriiZz/g==",
      "requires": {
        "emoji-regex": "^8.0.0",
        "is-fullwidth-code-point": "^3.0.0",
        "strip-ansi": "^6.0.1"
      },
      "dependencies": {
        "ansi-regex": {
          "version": "5.0.1",
          "resolved": "https://npm.yandex-team.ru/ansi-regex/-/ansi-regex-5.0.1.tgz?rbtorrent=1b2c28e53f2df9567d964d2735662fad58107fae",
          "integrity": "sha512-quJQXlTSUGL2LH9SUXo8VwsY4soanhgo6LNSm84E1LBcE8s3O0wpdiRzyR9z/ZZJMlMWv37qOOb9pdJlMUEKFQ=="
        },
        "emoji-regex": {
          "version": "8.0.0",
          "resolved": "https://npm.yandex-team.ru/emoji-regex/-/emoji-regex-8.0.0.tgz?rbtorrent=9c63733fe9e4b60ec6164b7b90f008f886358190",
          "integrity": "sha512-MSjYzcWNOA0ewAHpz0MxpYFvwg6yjy1NG3xteoqz644VCo/RPgnr1/GGt+ic3iJTzQ8Eu3TdM14SawnVUmGE6A=="
        },
        "strip-ansi": {
          "version": "6.0.1",
          "resolved": "https://npm.yandex-team.ru/strip-ansi/-/strip-ansi-6.0.1.tgz?rbtorrent=e155382c29545da38fa473395e43b5f24dc0c529",
          "integrity": "sha512-Y38VPSHcqkFrCpFnQ9vuSXmquuv5oXOKpGeT6aGrr3o3Gc9AlVa6JBfUSOCnbxGGZF+/0ooI7KrPuUSztUdU5A==",
          "requires": {
            "ansi-regex": "^5.0.1"
          }
        }
      }
    },
    "strip-ansi": {
      "version": "7.1.0",
      "resolved": "https://npm.yandex-team.ru/strip-ansi/-/strip-ansi-7.1.0.tgz?rbtorrent=9c525a1f4c86e091faa86608c0d2bf4eb46e455d",
      "integrity": "sha512-iq6eVVI64nQQTRYq2KtEg2d2uU7LElhTJwsH4YzIHZshxlgZms/wIc4VoDQTlG/IvVIrBKG06CrZnp0qv7hkcQ==",
      "requires": {
        "ansi-regex": "^6.0.1"
      }
    },
    "strip-ansi-cjs": {
      "version": "npm:strip-ansi@6.0.1",
      "resolved": "https://npm.yandex-team.ru/strip-ansi/-/strip-ansi-6.0.1.tgz?rbtorrent=e155382c29545da38fa473395e43b5f24dc0c529",
      "integrity": "sha512-Y38VPSHcqkFrCpFnQ9vuSXmquuv5oXOKpGeT6aGrr3o3Gc9AlVa6JBfUSOCnbxGGZF+/0ooI7KrPuUSztUdU5A==",
      "requires": {
        "ansi-regex": "^5.0.1"
      },
      "dependencies": {
        "ansi-regex": {
          "version": "5.0.1",
          "resolved": "https://npm.yandex-team.ru/ansi-regex/-/ansi-regex-5.0.1.tgz?rbtorrent=1b2c28e53f2df9567d964d2735662fad58107fae",
          "integrity": "sha512-quJQXlTSUGL2LH9SUXo8VwsY4soanhgo6LNSm84E1LBcE8s3O0wpdiRzyR9z/ZZJMlMWv37qOOb9pdJlMUEKFQ=="
        }
      }
    },
    "typescript": {
      "version": "5.5.4",
      "resolved": "https://npm.yandex-team.ru/typescript/-/typescript-5.5.4.tgz?rbtorrent=",
      "integrity": "sha512-Mtq29sKDAEYP7aljRgtPOpTvOfbwRWlS6dPRzwjdE+C0R4brX/GUyhHSecbHMFLNBLcJIPt9nl9yG5TZ1weH+Q=="
    },
    "undici-types": {
      "version": "6.19.8",
      "resolved": "https://npm.yandex-team.ru/undici-types/-/undici-types-6.19.8.tgz?rbtorrent=",
      "integrity": "sha512-ve2KP6f/JnbPBFyobGHuerC9g1FYGn/F8n1LWTwNxCEzd6IfqTwUQcNXgEtmmQ6DlRrC1hrSrBnCZPokRrDHjw=="
    },
    "which": {
      "version": "2.0.2",
      "resolved": "https://npm.yandex-team.ru/which/-/which-2.0.2.tgz?rbtorrent=555fb1d5b81803e43aa893a20c974171eb647dee",
      "integrity": "sha512-BLI3Tl1TW3Pvl70l3yq3Y64i+awpwXqsGBYWkkqMtnbXgrMD+yj7rhW0kuEDxzJaYXGjEW5ogapKNMEKNMjibA==",
      "requires": {
        "isexe": "^2.0.0"
      }
    },
    "wrap-ansi": {
      "version": "8.1.0",
      "resolved": "https://npm.yandex-team.ru/wrap-ansi/-/wrap-ansi-8.1.0.tgz?rbtorrent=35ac52325e795798568a877b07e6bafe0efb1965",
      "integrity": "sha512-si7QWI6zUMq56bESFvagtmzMdGOtoxfR+Sez11Mobfc7tm+VkUckk9bW2UeffTGVUbOksxmSw0AA2gs8g71NCQ==",
      "requires": {
        "ansi-styles": "^6.1.0",
        "string-width": "^5.0.1",
        "strip-ansi": "^7.0.1"
      }
    },
    "wrap-ansi-cjs": {
      "version": "npm:wrap-ansi@7.0.0",
      "resolved": "https://npm.yandex-team.ru/wrap-ansi/-/wrap-ansi-7.0.0.tgz?rbtorrent=312c52ab2db72fb9dc9b57f62d1ee32019be6356",
      "integrity": "sha512-YVGIj2kamLSTxw6NsZjoBxfSwsn0ycdesmc4p+Q21c5zPuZ1pl+NfxVdxPtdHvmNVOQ6XSYG4AUtyt/Fi7D16Q==",
      "requires": {
        "ansi-styles": "^4.0.0",
        "string-width": "^4.1.0",
        "strip-ansi": "^6.0.0"
      },
      "dependencies": {
        "ansi-regex": {
          "version": "5.0.1",
          "resolved": "https://npm.yandex-team.ru/ansi-regex/-/ansi-regex-5.0.1.tgz?rbtorrent=1b2c28e53f2df9567d964d2735662fad58107fae",
          "integrity": "sha512-quJQXlTSUGL2LH9SUXo8VwsY4soanhgo6LNSm84E1LBcE8s3O0wpdiRzyR9z/ZZJMlMWv37qOOb9pdJlMUEKFQ=="
        },
        "ansi-styles": {
          "version": "4.3.0",
          "resolved": "https://npm.yandex-team.ru/ansi-styles/-/ansi-styles-4.3.0.tgz?rbtorrent=71a8bd57f3f3a63a5b0ae879a761b238bb3dd3d7",
          "integrity": "sha512-zbB9rCJAT1rbjiVDb2hqKFHNYLxgtk8NURxZ3IZwD3F6NtxbXZQCnnSi1Lkx+IDohdPlFp222wVALIheZJQSEg==",
          "requires": {
            "color-convert": "^2.0.1"
          }
        },
        "emoji-regex": {
          "version": "8.0.0",
          "resolved": "https://npm.yandex-team.ru/emoji-regex/-/emoji-regex-8.0.0.tgz?rbtorrent=9c63733fe9e4b60ec6164b7b90f008f886358190",
          "integrity": "sha512-MSjYzcWNOA0ewAHpz0MxpYFvwg6yjy1NG3xteoqz644VCo/RPgnr1/GGt+ic3iJTzQ8Eu3TdM14SawnVUmGE6A=="
        },
        "string-width": {
          "version": "4.2.3",
          "resolved": "https://npm.yandex-team.ru/string-width/-/string-width-4.2.3.tgz?rbtorrent=f8412787e89a7bf0fb94ec78f0b1f13d94822a61",
          "integrity": "sha512-wKyQRQpjJ0sIp62ErSZdGsjMJWsap5oRNihHhu6G7JVO/9jIB6UyevL+tXuOqrng8j/cxKTWyWUwvSTriiZz/g==",
          "requires": {
            "emoji-regex": "^8.0.0",
            "is-fullwidth-code-point": "^3.0.0",
            "strip-ansi": "^6.0.1"
          }
        },
        "strip-ansi": {
          "version": "6.0.1",
          "resolved": "https://npm.yandex-team.ru/strip-ansi/-/strip-ansi-6.0.1.tgz?rbtorrent=e155382c29545da38fa473395e43b5f24dc0c529",
          "integrity": "sha512-Y38VPSHcqkFrCpFnQ9vuSXmquuv5oXOKpGeT6aGrr3o3Gc9AlVa6JBfUSOCnbxGGZF+/0ooI7KrPuUSztUdU5A==",
          "requires": {
            "ansi-regex": "^5.0.1"
          }
        }
      }
    }
  }
}
